
Microsoft Visual Studio Solution File, Format Version 12.00
# Visual Studio Version 17
VisualStudioVersion = 17.4.33213.308
MinimumVisualStudioVersion = 10.0.40219.1
Project("{9A19103F-16F7-4668-BE54-9A1E7A4F7556}") = "Anis.MemberShip.Command.ly", "Anis.MemeberShip.Command.ly\Anis.MemberShip.Command.ly.csproj", "{7546F69D-7C0D-4DE3-B2AD-7810C0DD6049}"
EndProject
Project("{FAE04EC0-301F-11D3-BF4B-00C04F79EFBC}") = "Anis.MemberShip.Query.ly", "Anis.MemberShip.Query.ly\Anis.MemberShip.Query.ly.csproj", "{E43B20B2-98AA-4E2A-9AB7-7D323264579A}"
EndProject
Global
	GlobalSection(SolutionConfigurationPlatforms) = preSolution
		Debug|Any CPU = Debug|Any CPU
		Release|Any CPU = Release|Any CPU
	EndGlobalSection
	GlobalSection(ProjectConfigurationPlatforms) = postSolution
		{7546F69D-7C0D-4DE3-B2AD-7810C0DD6049}.Debug|Any CPU.ActiveCfg = Debug|Any CPU
		{7546F69D-7C0D-4DE3-B2AD-7810C0DD6049}.Debug|Any CPU.Build.0 = Debug|Any CPU
		{7546F69D-7C0D-4DE3-B2AD-7810C0DD6049}.Release|Any CPU.ActiveCfg = Release|Any CPU
		{7546F69D-7C0D-4DE3-B2AD-7810C0DD6049}.Release|Any CPU.Build.0 = Release|Any CPU
		{E43B20B2-98AA-4E2A-9AB7-7D323264579A}.Debug|Any CPU.ActiveCfg = Debug|Any CPU
		{E43B20B2-98AA-4E2A-9AB7-7D323264579A}.Debug|Any CPU.Build.0 = Debug|Any CPU
		{E43B20B2-98AA-4E2A-9AB7-7D323264579A}.Release|Any CPU.ActiveCfg = Release|Any CPU
		{E43B20B2-98AA-4E2A-9AB7-7D323264579A}.Release|Any CPU.Build.0 = Release|Any CPU
	EndGlobalSection
	GlobalSection(SolutionProperties) = preSolution
		HideSolutionNode = FALSE
	EndGlobalSection
	GlobalSection(ExtensibilityGlobals) = postSolution
		SolutionGuid = {E288D0EA-10BE-4D51-989E-C7518D59E0AA}
	EndGlobalSection
EndGlobal
